
Microsoft Visual Studio Solution File, Format Version 12.00
# Visual Studio Version 16
VisualStudioVersion = 16.0.30804.86
MinimumVisualStudioVersion = 10.0.40219.1
Project("{FAE04EC0-301F-11D3-BF4B-00C04F79EFBC}") = "COPDapp.Android", "COPDapp\COPDapp.Android\COPDapp.Android.csproj", "{6B0104CE-B1AE-4355-971B-E6E296587A40}"
EndProject
Project("{FAE04EC0-301F-11D3-BF4B-00C04F79EFBC}") = "COPDapp.iOS", "COPDapp\COPDapp.iOS\COPDapp.iOS.csproj", "{CAC2987B-CE13-48EF-8025-152624EA0BF8}"
EndProject
Project("{9A19103F-16F7-4668-BE54-9A1E7A4F7556}") = "COPDapp", "COPDapp\COPDapp\COPDapp.csproj", "{9EA897E5-1C19-41A0-81C3-E46175238DB9}"
EndProject
Global
	GlobalSection(SolutionConfigurationPlatforms) = preSolution
		Debug|Any CPU = Debug|Any CPU
		Debug|iPhone = Debug|iPhone
		Debug|iPhoneSimulator = Debug|iPhoneSimulator
		Release|Any CPU = Release|Any CPU
		Release|iPhone = Release|iPhone
		Release|iPhoneSimulator = Release|iPhoneSimulator
	EndGlobalSection
	GlobalSection(ProjectConfigurationPlatforms) = postSolution
		{6B0104CE-B1AE-4355-971B-E6E296587A40}.Debug|Any CPU.ActiveCfg = Debug|Any CPU
		{6B0104CE-B1AE-4355-971B-E6E296587A40}.Debug|Any CPU.Build.0 = Debug|Any CPU
		{6B0104CE-B1AE-4355-971B-E6E296587A40}.Debug|Any CPU.Deploy.0 = Debug|Any CPU
		{6B0104CE-B1AE-4355-971B-E6E296587A40}.Debug|iPhone.ActiveCfg = Debug|Any CPU
		{6B0104CE-B1AE-4355-971B-E6E296587A40}.Debug|iPhone.Build.0 = Debug|Any CPU
		{6B0104CE-B1AE-4355-971B-E6E296587A40}.Debug|iPhone.Deploy.0 = Debug|Any CPU
		{6B0104CE-B1AE-4355-971B-E6E296587A40}.Debug|iPhoneSimulator.ActiveCfg = Debug|Any CPU
		{6B0104CE-B1AE-4355-971B-E6E296587A40}.Debug|iPhoneSimulator.Build.0 = Debug|Any CPU
		{6B0104CE-B1AE-4355-971B-E6E296587A40}.Debug|iPhoneSimulator.Deploy.0 = Debug|Any CPU
		{6B0104CE-B1AE-4355-971B-E6E296587A40}.Release|Any CPU.ActiveCfg = Release|Any CPU
		{6B0104CE-B1AE-4355-971B-E6E296587A40}.Release|Any CPU.Build.0 = Release|Any CPU
		{6B0104CE-B1AE-4355-971B-E6E296587A40}.Release|Any CPU.Deploy.0 = Release|Any CPU
		{6B0104CE-B1AE-4355-971B-E6E296587A40}.Release|iPhone.ActiveCfg = Release|Any CPU
		{6B0104CE-B1AE-4355-971B-E6E296587A40}.Release|iPhone.Build.0 = Release|Any CPU
		{6B0104CE-B1AE-4355-971B-E6E296587A40}.Release|iPhone.Deploy.0 = Release|Any CPU
		{6B0104CE-B1AE-4355-971B-E6E296587A40}.Release|iPhoneSimulator.ActiveCfg = Release|Any CPU
		{6B0104CE-B1AE-4355-971B-E6E296587A40}.Release|iPhoneSimulator.Build.0 = Release|Any CPU
		{6B0104CE-B1AE-4355-971B-E6E296587A40}.Release|iPhoneSimulator.Deploy.0 = Release|Any CPU
		{CAC2987B-CE13-48EF-8025-152624EA0BF8}.Debug|Any CPU.ActiveCfg = Debug|iPhone
		{CAC2987B-CE13-48EF-8025-152624EA0BF8}.Debug|Any CPU.Build.0 = Debug|iPhone
		{CAC2987B-CE13-48EF-8025-152624EA0BF8}.Debug|Any CPU.Deploy.0 = Debug|iPhone
		{CAC2987B-CE13-48EF-8025-152624EA0BF8}.Debug|iPhone.ActiveCfg = Debug|iPhone
		{CAC2987B-CE13-48EF-8025-152624EA0BF8}.Debug|iPhone.Build.0 = Debug|iPhone
		{CAC2987B-CE13-48EF-8025-152624EA0BF8}.Debug|iPhone.Deploy.0 = Debug|iPhone
		{CAC2987B-CE13-48EF-8025-152624EA0BF8}.Debug|iPhoneSimulator.ActiveCfg = Debug|iPhoneSimulator
		{CAC2987B-CE13-48EF-8025-152624EA0BF8}.Debug|iPhoneSimulator.Build.0 = Debug|iPhoneSimulator
		{CAC2987B-CE13-48EF-8025-152624EA0BF8}.Debug|iPhoneSimulator.Deploy.0 = Debug|iPhoneSimulator
		{CAC2987B-CE13-48EF-8025-152624EA0BF8}.Release|Any CPU.ActiveCfg = Release|iPhoneSimulator
		{CAC2987B-CE13-48EF-8025-152624EA0BF8}.Release|Any CPU.Build.0 = Release|iPhoneSimulator
		{CAC2987B-CE13-48EF-8025-152624EA0BF8}.Release|Any CPU.Deploy.0 = Release|iPhoneSimulator
		{CAC2987B-CE13-48EF-8025-152624EA0BF8}.Release|iPhone.ActiveCfg = Release|iPhone
		{CAC2987B-CE13-48EF-8025-152624EA0BF8}.Release|iPhone.Build.0 = Release|iPhone
		{CAC2987B-CE13-48EF-8025-152624EA0BF8}.Release|iPhone.Deploy.0 = Release|iPhone
		{CAC2987B-CE13-48EF-8025-152624EA0BF8}.Release|iPhoneSimulator.ActiveCfg = Release|iPhoneSimulator
		{CAC2987B-CE13-48EF-8025-152624EA0BF8}.Release|iPhoneSimulator.Build.0 = Release|iPhoneSimulator
		{CAC2987B-CE13-48EF-8025-152624EA0BF8}.Release|iPhoneSimulator.Deploy.0 = Release|iPhoneSimulator
		{9EA897E5-1C19-41A0-81C3-E46175238DB9}.Debug|Any CPU.ActiveCfg = Debug|Any CPU
		{9EA897E5-1C19-41A0-81C3-E46175238DB9}.Debug|Any CPU.Build.0 = Debug|Any CPU
		{9EA897E5-1C19-41A0-81C3-E46175238DB9}.Debug|Any CPU.Deploy.0 = Debug|Any CPU
		{9EA897E5-1C19-41A0-81C3-E46175238DB9}.Debug|iPhone.ActiveCfg = Debug|Any CPU
		{9EA897E5-1C19-41A0-81C3-E46175238DB9}.Debug|iPhone.Build.0 = Debug|Any CPU
		{9EA897E5-1C19-41A0-81C3-E46175238DB9}.Debug|iPhone.Deploy.0 = Debug|Any CPU
		{9EA897E5-1C19-41A0-81C3-E46175238DB9}.Debug|iPhoneSimulator.ActiveCfg = Debug|Any CPU
		{9EA897E5-1C19-41A0-81C3-E46175238DB9}.Debug|iPhoneSimulator.Build.0 = Debug|Any CPU
		{9EA897E5-1C19-41A0-81C3-E46175238DB9}.Debug|iPhoneSimulator.Deploy.0 = Debug|Any CPU
		{9EA897E5-1C19-41A0-81C3-E46175238DB9}.Release|Any CPU.ActiveCfg = Release|Any CPU
		{9EA897E5-1C19-41A0-81C3-E46175238DB9}.Release|Any CPU.Build.0 = Release|Any CPU
		{9EA897E5-1C19-41A0-81C3-E46175238DB9}.Release|Any CPU.Deploy.0 = Release|Any CPU
		{9EA897E5-1C19-41A0-81C3-E46175238DB9}.Release|iPhone.ActiveCfg = Release|Any CPU
		{9EA897E5-1C19-41A0-81C3-E46175238DB9}.Release|iPhone.Build.0 = Release|Any CPU
		{9EA897E5-1C19-41A0-81C3-E46175238DB9}.Release|iPhone.Deploy.0 = Release|Any CPU
		{9EA897E5-1C19-41A0-81C3-E46175238DB9}.Release|iPhoneSimulator.ActiveCfg = Release|Any CPU
		{9EA897E5-1C19-41A0-81C3-E46175238DB9}.Release|iPhoneSimulator.Build.0 = Release|Any CPU
		{9EA897E5-1C19-41A0-81C3-E46175238DB9}.Release|iPhoneSimulator.Deploy.0 = Release|Any CPU
	EndGlobalSection
	GlobalSection(SolutionProperties) = preSolution
		HideSolutionNode = FALSE
	EndGlobalSection
	GlobalSection(ExtensibilityGlobals) = postSolution
		SolutionGuid = {2068E8C0-ECE4-4D60-BD02-CD13F8B6AD0B}
	EndGlobalSection
EndGlobal
